// !$*UTF8*$!
{
	archiveVersion = 1;
	classes = {
	};
	objectVersion = 50;
	objects = {

/* Begin PBXBuildFile section */
		7235B54A26AAF52E0047F83F /* MemoryGame.swift in Sources */ = {isa = PBXBuildFile; fileRef = 7235B54926AAF52E0047F83F /* MemoryGame.swift */; };
		727CD46F26B934C600DE11EF /* Pie.swift in Sources */ = {isa = PBXBuildFile; fileRef = 727CD46E26B934C600DE11EF /* Pie.swift */; };
		727CD47426B9650700DE11EF /* Cardify.swift in Sources */ = {isa = PBXBuildFile; fileRef = 727CD47326B9650700DE11EF /* Cardify.swift */; };
		72950A2026AC1A8D00562495 /* EmojiMemoryGame.swift in Sources */ = {isa = PBXBuildFile; fileRef = 72950A1F26AC1A8D00562495 /* EmojiMemoryGame.swift */; };
		72BB75E326A7F7AD001A48E0 /* MemorizeApp.swift in Sources */ = {isa = PBXBuildFile; fileRef = 72BB75E226A7F7AD001A48E0 /* MemorizeApp.swift */; };
		72BB75E526A7F7AD001A48E0 /* EmojiMemoryGameView.swift in Sources */ = {isa = PBXBuildFile; fileRef = 72BB75E426A7F7AD001A48E0 /* EmojiMemoryGameView.swift */; };
		72BB75E726A7F7B1001A48E0 /* Assets.xcassets in Resources */ = {isa = PBXBuildFile; fileRef = 72BB75E626A7F7B1001A48E0 /* Assets.xcassets */; };
		72BB75EA26A7F7B1001A48E0 /* Preview Assets.xcassets in Resources */ = {isa = PBXBuildFile; fileRef = 72BB75E926A7F7B1001A48E0 /* Preview Assets.xcassets */; };
		72BB75F526A7F7B2001A48E0 /* MemorizeTests.swift in Sources */ = {isa = PBXBuildFile; fileRef = 72BB75F426A7F7B2001A48E0 /* MemorizeTests.swift */; };
		72BB760026A7F7B2001A48E0 /* MemorizeUITests.swift in Sources */ = {isa = PBXBuildFile; fileRef = 72BB75FF26A7F7B2001A48E0 /* MemorizeUITests.swift */; };
		72CAB92126B7A78700D03A5F /* AspectVGrid.swift in Sources */ = {isa = PBXBuildFile; fileRef = 72CAB92026B7A78700D03A5F /* AspectVGrid.swift */; };
/* End PBXBuildFile section */

/* Begin PBXContainerItemProxy section */
		72BB75F126A7F7B2001A48E0 /* PBXContainerItemProxy */ = {
			isa = PBXContainerItemProxy;
			containerPortal = 72BB75D726A7F7AD001A48E0 /* Project object */;
			proxyType = 1;
			remoteGlobalIDString = 72BB75DE26A7F7AD001A48E0;
			remoteInfo = Memorize;
		};
		72BB75FC26A7F7B2001A48E0 /* PBXContainerItemProxy */ = {
			isa = PBXContainerItemProxy;
			containerPortal = 72BB75D726A7F7AD001A48E0 /* Project object */;
			proxyType = 1;
			remoteGlobalIDString = 72BB75DE26A7F7AD001A48E0;
			remoteInfo = Memorize;
		};
/* End PBXContainerItemProxy section */

/* Begin PBXFileReference section */
		7235B54926AAF52E0047F83F /* MemoryGame.swift */ = {isa = PBXFileReference; lastKnownFileType = sourcecode.swift; path = MemoryGame.swift; sourceTree = "<group>"; };
		727CD46E26B934C600DE11EF /* Pie.swift */ = {isa = PBXFileReference; lastKnownFileType = sourcecode.swift; path = Pie.swift; sourceTree = "<group>"; };
		727CD47326B9650700DE11EF /* Cardify.swift */ = {isa = PBXFileReference; lastKnownFileType = sourcecode.swift; path = Cardify.swift; sourceTree = "<group>"; };
		72950A1F26AC1A8D00562495 /* EmojiMemoryGame.swift */ = {isa = PBXFileReference; lastKnownFileType = sourcecode.swift; path = EmojiMemoryGame.swift; sourceTree = "<group>"; };
		72BB75DF26A7F7AD001A48E0 /* Memorize.app */ = {isa = PBXFileReference; explicitFileType = wrapper.application; includeInIndex = 0; path = Memorize.app; sourceTree = BUILT_PRODUCTS_DIR; };
		72BB75E226A7F7AD001A48E0 /* MemorizeApp.swift */ = {isa = PBXFileReference; lastKnownFileType = sourcecode.swift; path = MemorizeApp.swift; sourceTree = "<group>"; };
		72BB75E426A7F7AD001A48E0 /* EmojiMemoryGameView.swift */ = {isa = PBXFileReference; lastKnownFileType = sourcecode.swift; path = EmojiMemoryGameView.swift; sourceTree = "<group>"; };
		72BB75E626A7F7B1001A48E0 /* Assets.xcassets */ = {isa = PBXFileReference; lastKnownFileType = folder.assetcatalog; path = Assets.xcassets; sourceTree = "<group>"; };
		72BB75E926A7F7B1001A48E0 /* Preview Assets.xcassets */ = {isa = PBXFileReference; lastKnownFileType = folder.assetcatalog; path = "Preview Assets.xcassets"; sourceTree = "<group>"; };
		72BB75EB26A7F7B1001A48E0 /* Info.plist */ = {isa = PBXFileReference; lastKnownFileType = text.plist.xml; path = Info.plist; sourceTree = "<group>"; };
		72BB75F026A7F7B2001A48E0 /* MemorizeTests.xctest */ = {isa = PBXFileReference; explicitFileType = wrapper.cfbundle; includeInIndex = 0; path = MemorizeTests.xctest; sourceTree = BUILT_PRODUCTS_DIR; };
		72BB75F426A7F7B2001A48E0 /* MemorizeTests.swift */ = {isa = PBXFileReference; lastKnownFileType = sourcecode.swift; path = MemorizeTests.swift; sourceTree = "<group>"; };
		72BB75F626A7F7B2001A48E0 /* Info.plist */ = {isa = PBXFileReference; lastKnownFileType = text.plist.xml; path = Info.plist; sourceTree = "<group>"; };
		72BB75FB26A7F7B2001A48E0 /* MemorizeUITests.xctest */ = {isa = PBXFileReference; explicitFileType = wrapper.cfbundle; includeInIndex = 0; path = MemorizeUITests.xctest; sourceTree = BUILT_PRODUCTS_DIR; };
		72BB75FF26A7F7B2001A48E0 /* MemorizeUITests.swift */ = {isa = PBXFileReference; lastKnownFileType = sourcecode.swift; path = MemorizeUITests.swift; sourceTree = "<group>"; };
		72BB760126A7F7B2001A48E0 /* Info.plist */ = {isa = PBXFileReference; lastKnownFileType = text.plist.xml; path = Info.plist; sourceTree = "<group>"; };
		72CAB92026B7A78700D03A5F /* AspectVGrid.swift */ = {isa = PBXFileReference; lastKnownFileType = sourcecode.swift; path = AspectVGrid.swift; sourceTree = "<group>"; };
/* End PBXFileReference section */

/* Begin PBXFrameworksBuildPhase section */
		72BB75DC26A7F7AD001A48E0 /* Frameworks */ = {
			isa = PBXFrameworksBuildPhase;
			buildActionMask = 2147483647;
			files = (
			);
			runOnlyForDeploymentPostprocessing = 0;
		};
		72BB75ED26A7F7B2001A48E0 /* Frameworks */ = {
			isa = PBXFrameworksBuildPhase;
			buildActionMask = 2147483647;
			files = (
			);
			runOnlyForDeploymentPostprocessing = 0;
		};
		72BB75F826A7F7B2001A48E0 /* Frameworks */ = {
			isa = PBXFrameworksBuildPhase;
			buildActionMask = 2147483647;
			files = (
			);
			runOnlyForDeploymentPostprocessing = 0;
		};
/* End PBXFrameworksBuildPhase section */

/* Begin PBXGroup section */
		72BB75D626A7F7AD001A48E0 = {
			isa = PBXGroup;
			children = (
				72BB75E126A7F7AD001A48E0 /* Memorize */,
				72BB75F326A7F7B2001A48E0 /* MemorizeTests */,
				72BB75FE26A7F7B2001A48E0 /* MemorizeUITests */,
				72BB75E026A7F7AD001A48E0 /* Products */,
			);
			sourceTree = "<group>";
		};
		72BB75E026A7F7AD001A48E0 /* Products */ = {
			isa = PBXGroup;
			children = (
				72BB75DF26A7F7AD001A48E0 /* Memorize.app */,
				72BB75F026A7F7B2001A48E0 /* MemorizeTests.xctest */,
				72BB75FB26A7F7B2001A48E0 /* MemorizeUITests.xctest */,
			);
			name = Products;
			sourceTree = "<group>";
		};
		72BB75E126A7F7AD001A48E0 /* Memorize */ = {
			isa = PBXGroup;
			children = (
				72BB75E226A7F7AD001A48E0 /* MemorizeApp.swift */,
				72BB75E426A7F7AD001A48E0 /* EmojiMemoryGameView.swift */,
				727CD47326B9650700DE11EF /* Cardify.swift */,
				727CD46E26B934C600DE11EF /* Pie.swift */,
				72CAB92026B7A78700D03A5F /* AspectVGrid.swift */,
				7235B54926AAF52E0047F83F /* MemoryGame.swift */,
				72950A1F26AC1A8D00562495 /* EmojiMemoryGame.swift */,
				72BB75E626A7F7B1001A48E0 /* Assets.xcassets */,
				72BB75EB26A7F7B1001A48E0 /* Info.plist */,
				72BB75E826A7F7B1001A48E0 /* Preview Content */,
			);
			path = Memorize;
			sourceTree = "<group>";
		};
		72BB75E826A7F7B1001A48E0 /* Preview Content */ = {
			isa = PBXGroup;
			children = (
				72BB75E926A7F7B1001A48E0 /* Preview Assets.xcassets */,
			);
			path = "Preview Content";
			sourceTree = "<group>";
		};
		72BB75F326A7F7B2001A48E0 /* MemorizeTests */ = {
			isa = PBXGroup;
			children = (
				72BB75F426A7F7B2001A48E0 /* MemorizeTests.swift */,
				72BB75F626A7F7B2001A48E0 /* Info.plist */,
			);
			path = MemorizeTests;
			sourceTree = "<group>";
		};
		72BB75FE26A7F7B2001A48E0 /* MemorizeUITests */ = {
			isa = PBXGroup;
			children = (
				72BB75FF26A7F7B2001A48E0 /* MemorizeUITests.swift */,
				72BB760126A7F7B2001A48E0 /* Info.plist */,
			);
			path = MemorizeUITests;
			sourceTree = "<group>";
		};
/* End PBXGroup section */

/* Begin PBXNativeTarget section */
		72BB75DE26A7F7AD001A48E0 /* Memorize */ = {
			isa = PBXNativeTarget;
			buildConfigurationList = 72BB760426A7F7B2001A48E0 /* Build configuration list for PBXNativeTarget "Memorize" */;
			buildPhases = (
				72BB75DB26A7F7AD001A48E0 /* Sources */,
				72BB75DC26A7F7AD001A48E0 /* Frameworks */,
				72BB75DD26A7F7AD001A48E0 /* Resources */,
			);
			buildRules = (
			);
			dependencies = (
			);
			name = Memorize;
			productName = Memorize;
			productReference = 72BB75DF26A7F7AD001A48E0 /* Memorize.app */;
			productType = "com.apple.product-type.application";
		};
		72BB75EF26A7F7B2001A48E0 /* MemorizeTests */ = {
			isa = PBXNativeTarget;
			buildConfigurationList = 72BB760726A7F7B2001A48E0 /* Build configuration list for PBXNativeTarget "MemorizeTests" */;
			buildPhases = (
				72BB75EC26A7F7B2001A48E0 /* Sources */,
				72BB75ED26A7F7B2001A48E0 /* Frameworks */,
				72BB75EE26A7F7B2001A48E0 /* Resources */,
			);
			buildRules = (
			);
			dependencies = (
				72BB75F226A7F7B2001A48E0 /* PBXTargetDependency */,
			);
			name = MemorizeTests;
			productName = MemorizeTests;
			productReference = 72BB75F026A7F7B2001A48E0 /* MemorizeTests.xctest */;
			productType = "com.apple.product-type.bundle.unit-test";
		};
		72BB75FA26A7F7B2001A48E0 /* MemorizeUITests */ = {
			isa = PBXNativeTarget;
			buildConfigurationList = 72BB760A26A7F7B2001A48E0 /* Build configuration list for PBXNativeTarget "MemorizeUITests" */;
			buildPhases = (
				72BB75F726A7F7B2001A48E0 /* Sources */,
				72BB75F826A7F7B2001A48E0 /* Frameworks */,
				72BB75F926A7F7B2001A48E0 /* Resources */,
			);
			buildRules = (
			);
			dependencies = (
				72BB75FD26A7F7B2001A48E0 /* PBXTargetDependency */,
			);
			name = MemorizeUITests;
			productName = MemorizeUITests;
			productReference = 72BB75FB26A7F7B2001A48E0 /* MemorizeUITests.xctest */;
			productType = "com.apple.product-type.bundle.ui-testing";
		};
/* End PBXNativeTarget section */

/* Begin PBXProject section */
		72BB75D726A7F7AD001A48E0 /* Project object */ = {
			isa = PBXProject;
			attributes = {
				LastSwiftUpdateCheck = 1240;
				LastUpgradeCheck = 1240;
				TargetAttributes = {
					72BB75DE26A7F7AD001A48E0 = {
						CreatedOnToolsVersion = 12.4;
					};
					72BB75EF26A7F7B2001A48E0 = {
						CreatedOnToolsVersion = 12.4;
						TestTargetID = 72BB75DE26A7F7AD001A48E0;
					};
					72BB75FA26A7F7B2001A48E0 = {
						CreatedOnToolsVersion = 12.4;
						TestTargetID = 72BB75DE26A7F7AD001A48E0;
					};
				};
			};
			buildConfigurationList = 72BB75DA26A7F7AD001A48E0 /* Build configuration list for PBXProject "Memorize" */;
			compatibilityVersion = "Xcode 9.3";
			developmentRegion = en;
			hasScannedForEncodings = 0;
			knownRegions = (
				en,
				Base,
			);
			mainGroup = 72BB75D626A7F7AD001A48E0;
			productRefGroup = 72BB75E026A7F7AD001A48E0 /* Products */;
			projectDirPath = "";
			projectRoot = "";
			targets = (
				72BB75DE26A7F7AD001A48E0 /* Memorize */,
				72BB75EF26A7F7B2001A48E0 /* MemorizeTests */,
				72BB75FA26A7F7B2001A48E0 /* MemorizeUITests */,
			);
		};
/* End PBXProject section */

/* Begin PBXResourcesBuildPhase section */
		72BB75DD26A7F7AD001A48E0 /* Resources */ = {
			isa = PBXResourcesBuildPhase;
			buildActionMask = 2147483647;
			files = (
				72BB75EA26A7F7B1001A48E0 /* Preview Assets.xcassets in Resources */,
				72BB75E726A7F7B1001A48E0 /* Assets.xcassets in Resources */,
			);
			runOnlyForDeploymentPostprocessing = 0;
		};
		72BB75EE26A7F7B2001A48E0 /* Resources */ = {
			isa = PBXResourcesBuildPhase;
			buildActionMask = 2147483647;
			files = (
			);
			runOnlyForDeploymentPostprocessing = 0;
		};
		72BB75F926A7F7B2001A48E0 /* Resources */ = {
			isa = PBXResourcesBuildPhase;
			buildActionMask = 2147483647;
			files = (
			);
			runOnlyForDeploymentPostprocessing = 0;
		};
/* End PBXResourcesBuildPhase section */

/* Begin PBXSourcesBuildPhase section */
		72BB75DB26A7F7AD001A48E0 /* Sources */ = {
			isa = PBXSourcesBuildPhase;
			buildActionMask = 2147483647;
			files = (
				727CD46F26B934C600DE11EF /* Pie.swift in Sources */,
				727CD47426B9650700DE11EF /* Cardify.swift in Sources */,
				7235B54A26AAF52E0047F83F /* MemoryGame.swift in Sources */,
				72BB75E526A7F7AD001A48E0 /* EmojiMemoryGameView.swift in Sources */,
				72BB75E326A7F7AD001A48E0 /* MemorizeApp.swift in Sources */,
				72CAB92126B7A78700D03A5F /* AspectVGrid.swift in Sources */,
				72950A2026AC1A8D00562495 /* EmojiMemoryGame.swift in Sources */,
			);
			runOnlyForDeploymentPostprocessing = 0;
		};
		72BB75EC26A7F7B2001A48E0 /* Sources */ = {
			isa = PBXSourcesBuildPhase;
			buildActionMask = 2147483647;
			files = (
				72BB75F526A7F7B2001A48E0 /* MemorizeTests.swift in Sources */,
			);
			runOnlyForDeploymentPostprocessing = 0;
		};
		72BB75F726A7F7B2001A48E0 /* Sources */ = {
			isa = PBXSourcesBuildPhase;
			buildActionMask = 2147483647;
			files = (
				72BB760026A7F7B2001A48E0 /* MemorizeUITests.swift in Sources */,
			);
			runOnlyForDeploymentPostprocessing = 0;
		};
/* End PBXSourcesBuildPhase section */

/* Begin PBXTargetDependency section */
		72BB75F226A7F7B2001A48E0 /* PBXTargetDependency */ = {
			isa = PBXTargetDependency;
			target = 72BB75DE26A7F7AD001A48E0 /* Memorize */;
			targetProxy = 72BB75F126A7F7B2001A48E0 /* PBXContainerItemProxy */;
		};
		72BB75FD26A7F7B2001A48E0 /* PBXTargetDependency */ = {
			isa = PBXTargetDependency;
			target = 72BB75DE26A7F7AD001A48E0 /* Memorize */;
			targetProxy = 72BB75FC26A7F7B2001A48E0 /* PBXContainerItemProxy */;
		};
/* End PBXTargetDependency section */

/* Begin XCBuildConfiguration section */
		72BB760226A7F7B2001A48E0 /* Debug */ = {
			isa = XCBuildConfiguration;
			buildSettings = {
				ALWAYS_SEARCH_USER_PATHS = NO;
				CLANG_ANALYZER_NONNULL = YES;
				CLANG_ANALYZER_NUMBER_OBJECT_CONVERSION = YES_AGGRESSIVE;
				CLANG_CXX_LANGUAGE_STANDARD = "gnu++14";
				CLANG_CXX_LIBRARY = "libc++";
				CLANG_ENABLE_MODULES = YES;
				CLANG_ENABLE_OBJC_ARC = YES;
				CLANG_ENABLE_OBJC_WEAK = YES;
				CLANG_WARN_BLOCK_CAPTURE_AUTORELEASING = YES;
				CLANG_WARN_BOOL_CONVERSION = YES;
				CLANG_WARN_COMMA = YES;
				CLANG_WARN_CONSTANT_CONVERSION = YES;
				CLANG_WARN_DEPRECATED_OBJC_IMPLEMENTATIONS = YES;
				CLANG_WARN_DIRECT_OBJC_ISA_USAGE = YES_ERROR;
				CLANG_WARN_DOCUMENTATION_COMMENTS = YES;
				CLANG_WARN_EMPTY_BODY = YES;
				CLANG_WARN_ENUM_CONVERSION = YES;
				CLANG_WARN_INFINITE_RECURSION = YES;
				CLANG_WARN_INT_CONVERSION = YES;
				CLANG_WARN_NON_LITERAL_NULL_CONVERSION = YES;
				CLANG_WARN_OBJC_IMPLICIT_RETAIN_SELF = YES;
				CLANG_WARN_OBJC_LITERAL_CONVERSION = YES;
				CLANG_WARN_OBJC_ROOT_CLASS = YES_ERROR;
				CLANG_WARN_QUOTED_INCLUDE_IN_FRAMEWORK_HEADER = YES;
				CLANG_WARN_RANGE_LOOP_ANALYSIS = YES;
				CLANG_WARN_STRICT_PROTOTYPES = YES;
				CLANG_WARN_SUSPICIOUS_MOVE = YES;
				CLANG_WARN_UNGUARDED_AVAILABILITY = YES_AGGRESSIVE;
				CLANG_WARN_UNREACHABLE_CODE = YES;
				CLANG_WARN__DUPLICATE_METHOD_MATCH = YES;
				COPY_PHASE_STRIP = NO;
				DEBUG_INFORMATION_FORMAT = dwarf;
				ENABLE_STRICT_OBJC_MSGSEND = YES;
				ENABLE_TESTABILITY = YES;
				GCC_C_LANGUAGE_STANDARD = gnu11;
				GCC_DYNAMIC_NO_PIC = NO;
				GCC_NO_COMMON_BLOCKS = YES;
				GCC_OPTIMIZATION_LEVEL = 0;
				GCC_PREPROCESSOR_DEFINITIONS = (
					"DEBUG=1",
					"$(inherited)",
				);
				GCC_WARN_64_TO_32_BIT_CONVERSION = YES;
				GCC_WARN_ABOUT_RETURN_TYPE = YES_ERROR;
				GCC_WARN_UNDECLARED_SELECTOR = YES;
				GCC_WARN_UNINITIALIZED_AUTOS = YES_AGGRESSIVE;
				GCC_WARN_UNUSED_FUNCTION = YES;
				GCC_WARN_UNUSED_VARIABLE = YES;
				IPHONEOS_DEPLOYMENT_TARGET = 14.4;
				MTL_ENABLE_DEBUG_INFO = INCLUDE_SOURCE;
				MTL_FAST_MATH = YES;
				ONLY_ACTIVE_ARCH = YES;
				SDKROOT = iphoneos;
				SWIFT_ACTIVE_COMPILATION_CONDITIONS = DEBUG;
				SWIFT_OPTIMIZATION_LEVEL = "-Onone";
			};
			name = Debug;
		};
		72BB760326A7F7B2001A48E0 /* Release */ = {
			isa = XCBuildConfiguration;
			buildSettings = {
				ALWAYS_SEARCH_USER_PATHS = NO;
				CLANG_ANALYZER_NONNULL = YES;
				CLANG_ANALYZER_NUMBER_OBJECT_CONVERSION = YES_AGGRESSIVE;
				CLANG_CXX_LANGUAGE_STANDARD = "gnu++14";
				CLANG_CXX_LIBRARY = "libc++";
				CLANG_ENABLE_MODULES = YES;
				CLANG_ENABLE_OBJC_ARC = YES;
				CLANG_ENABLE_OBJC_WEAK = YES;
				CLANG_WARN_BLOCK_CAPTURE_AUTORELEASING = YES;
				CLANG_WARN_BOOL_CONVERSION = YES;
				CLANG_WARN_COMMA = YES;
				CLANG_WARN_CONSTANT_CONVERSION = YES;
				CLANG_WARN_DEPRECATED_OBJC_IMPLEMENTATIONS = YES;
				CLANG_WARN_DIRECT_OBJC_ISA_USAGE = YES_ERROR;
				CLANG_WARN_DOCUMENTATION_COMMENTS = YES;
				CLANG_WARN_EMPTY_BODY = YES;
				CLANG_WARN_ENUM_CONVERSION = YES;
				CLANG_WARN_INFINITE_RECURSION = YES;
				CLANG_WARN_INT_CONVERSION = YES;
				CLANG_WARN_NON_LITERAL_NULL_CONVERSION = YES;
				CLANG_WARN_OBJC_IMPLICIT_RETAIN_SELF = YES;
				CLANG_WARN_OBJC_LITERAL_CONVERSION = YES;
				CLANG_WARN_OBJC_ROOT_CLASS = YES_ERROR;
				CLANG_WARN_QUOTED_INCLUDE_IN_FRAMEWORK_HEADER = YES;
				CLANG_WARN_RANGE_LOOP_ANALYSIS = YES;
				CLANG_WARN_STRICT_PROTOTYPES = YES;
				CLANG_WARN_SUSPICIOUS_MOVE = YES;
				CLANG_WARN_UNGUARDED_AVAILABILITY = YES_AGGRESSIVE;
				CLANG_WARN_UNREACHABLE_CODE = YES;
				CLANG_WARN__DUPLICATE_METHOD_MATCH = YES;
				COPY_PHASE_STRIP = NO;
				DEBUG_INFORMATION_FORMAT = "dwarf-with-dsym";
				ENABLE_NS_ASSERTIONS = NO;
				ENABLE_STRICT_OBJC_MSGSEND = YES;
				GCC_C_LANGUAGE_STANDARD = gnu11;
				GCC_NO_COMMON_BLOCKS = YES;
				GCC_WARN_64_TO_32_BIT_CONVERSION = YES;
				GCC_WARN_ABOUT_RETURN_TYPE = YES_ERROR;
				GCC_WARN_UNDECLARED_SELECTOR = YES;
				GCC_WARN_UNINITIALIZED_AUTOS = YES_AGGRESSIVE;
				GCC_WARN_UNUSED_FUNCTION = YES;
				GCC_WARN_UNUSED_VARIABLE = YES;
				IPHONEOS_DEPLOYMENT_TARGET = 14.4;
				MTL_ENABLE_DEBUG_INFO = NO;
				MTL_FAST_MATH = YES;
				SDKROOT = iphoneos;
				SWIFT_COMPILATION_MODE = wholemodule;
				SWIFT_OPTIMIZATION_LEVEL = "-O";
				VALIDATE_PRODUCT = YES;
			};
			name = Release;
		};
		72BB760526A7F7B2001A48E0 /* Debug */ = {
			isa = XCBuildConfiguration;
			buildSettings = {
				ASSETCATALOG_COMPILER_APPICON_NAME = AppIcon;
				ASSETCATALOG_COMPILER_GLOBAL_ACCENT_COLOR_NAME = AccentColor;
				CODE_SIGN_STYLE = Automatic;
				DEVELOPMENT_ASSET_PATHS = "\"Memorize/Preview Content\"";
				ENABLE_PREVIEWS = YES;
				INFOPLIST_FILE = Memorize/Info.plist;
				IPHONEOS_DEPLOYMENT_TARGET = 14.0;
				LD_RUNPATH_SEARCH_PATHS = (
					"$(inherited)",
					"@executable_path/Frameworks",
				);
				PRODUCT_BUNDLE_IDENTIFIER = "-.Memorize";
				PRODUCT_NAME = "$(TARGET_NAME)";
				SWIFT_VERSION = 5.0;
				TARGETED_DEVICE_FAMILY = "1,2";
			};
			name = Debug;
		};
		72BB760626A7F7B2001A48E0 /* Release */ = {
			isa = XCBuildConfiguration;
			buildSettings = {
				ASSETCATALOG_COMPILER_APPICON_NAME = AppIcon;
				ASSETCATALOG_COMPILER_GLOBAL_ACCENT_COLOR_NAME = AccentColor;
				CODE_SIGN_STYLE = Automatic;
				DEVELOPMENT_ASSET_PATHS = "\"Memorize/Preview Content\"";
				ENABLE_PREVIEWS = YES;
				INFOPLIST_FILE = Memorize/Info.plist;
				IPHONEOS_DEPLOYMENT_TARGET = 14.0;
				LD_RUNPATH_SEARCH_PATHS = (
					"$(inherited)",
					"@executable_path/Frameworks",
				);
				PRODUCT_BUNDLE_IDENTIFIER = "-.Memorize";
				PRODUCT_NAME = "$(TARGET_NAME)";
				SWIFT_VERSION = 5.0;
				TARGETED_DEVICE_FAMILY = "1,2";
			};
			name = Release;
		};
		72BB760826A7F7B2001A48E0 /* Debug */ = {
			isa = XCBuildConfiguration;
			buildSettings = {
				ALWAYS_EMBED_SWIFT_STANDARD_LIBRARIES = YES;
				BUNDLE_LOADER = "$(TEST_HOST)";
				CODE_SIGN_STYLE = Automatic;
				INFOPLIST_FILE = MemorizeTests/Info.plist;
				IPHONEOS_DEPLOYMENT_TARGET = 14.0;
				LD_RUNPATH_SEARCH_PATHS = (
					"$(inherited)",
					"@executable_path/Frameworks",
					"@loader_path/Frameworks",
				);
				PRODUCT_BUNDLE_IDENTIFIER = "-.MemorizeTests";
				PRODUCT_NAME = "$(TARGET_NAME)";
				SWIFT_VERSION = 5.0;
				TARGETED_DEVICE_FAMILY = "1,2";
				TEST_HOST = "$(BUILT_PRODUCTS_DIR)/Memorize.app/Memorize";
			};
			name = Debug;
		};
		72BB760926A7F7B2001A48E0 /* Release */ = {
			isa = XCBuildConfiguration;
			buildSettings = {
				ALWAYS_EMBED_SWIFT_STANDARD_LIBRARIES = YES;
				BUNDLE_LOADER = "$(TEST_HOST)";
				CODE_SIGN_STYLE = Automatic;
				INFOPLIST_FILE = MemorizeTests/Info.plist;
				IPHONEOS_DEPLOYMENT_TARGET = 14.0;
				LD_RUNPATH_SEARCH_PATHS = (
					"$(inherited)",
					"@executable_path/Frameworks",
					"@loader_path/Frameworks",
				);
				PRODUCT_BUNDLE_IDENTIFIER = "-.MemorizeTests";
				PRODUCT_NAME = "$(TARGET_NAME)";
				SWIFT_VERSION = 5.0;
				TARGETED_DEVICE_FAMILY = "1,2";
				TEST_HOST = "$(BUILT_PRODUCTS_DIR)/Memorize.app/Memorize";
			};
			name = Release;
		};
		72BB760B26A7F7B2001A48E0 /* Debug */ = {
			isa = XCBuildConfiguration;
			buildSettings = {
				ALWAYS_EMBED_SWIFT_STANDARD_LIBRARIES = YES;
				CODE_SIGN_STYLE = Automatic;
				INFOPLIST_FILE = MemorizeUITests/Info.plist;
				LD_RUNPATH_SEARCH_PATHS = (
					"$(inherited)",
					"@executable_path/Frameworks",
					"@loader_path/Frameworks",
				);
				PRODUCT_BUNDLE_IDENTIFIER = "-.MemorizeUITests";
				PRODUCT_NAME = "$(TARGET_NAME)";
				SWIFT_VERSION = 5.0;
				TARGETED_DEVICE_FAMILY = "1,2";
				TEST_TARGET_NAME = Memorize;
			};
			name = Debug;
		};
		72BB760C26A7F7B2001A48E0 /* Release */ = {
			isa = XCBuildConfiguration;
			buildSettings = {
				ALWAYS_EMBED_SWIFT_STANDARD_LIBRARIES = YES;
				CODE_SIGN_STYLE = Automatic;
				INFOPLIST_FILE = MemorizeUITests/Info.plist;
				LD_RUNPATH_SEARCH_PATHS = (
					"$(inherited)",
					"@executable_path/Frameworks",
					"@loader_path/Frameworks",
				);
				PRODUCT_BUNDLE_IDENTIFIER = "-.MemorizeUITests";
				PRODUCT_NAME = "$(TARGET_NAME)";
				SWIFT_VERSION = 5.0;
				TARGETED_DEVICE_FAMILY = "1,2";
				TEST_TARGET_NAME = Memorize;
			};
			name = Release;
		};
/* End XCBuildConfiguration section */

/* Begin XCConfigurationList section */
		72BB75DA26A7F7AD001A48E0 /* Build configuration list for PBXProject "Memorize" */ = {
			isa = XCConfigurationList;
			buildConfigurations = (
				72BB760226A7F7B2001A48E0 /* Debug */,
				72BB760326A7F7B2001A48E0 /* Release */,
			);
			defaultConfigurationIsVisible = 0;
			defaultConfigurationName = Release;
		};
		72BB760426A7F7B2001A48E0 /* Build configuration list for PBXNativeTarget "Memorize" */ = {
			isa = XCConfigurationList;
			buildConfigurations = (
				72BB760526A7F7B2001A48E0 /* Debug */,
				72BB760626A7F7B2001A48E0 /* Release */,
			);
			defaultConfigurationIsVisible = 0;
			defaultConfigurationName = Release;
		};
		72BB760726A7F7B2001A48E0 /* Build configuration list for PBXNativeTarget "MemorizeTests" */ = {
			isa = XCConfigurationList;
			buildConfigurations = (
				72BB760826A7F7B2001A48E0 /* Debug */,
				72BB760926A7F7B2001A48E0 /* Release */,
			);
			defaultConfigurationIsVisible = 0;
			defaultConfigurationName = Release;
		};
		72BB760A26A7F7B2001A48E0 /* Build configuration list for PBXNativeTarget "MemorizeUITests" */ = {
			isa = XCConfigurationList;
			buildConfigurations = (
				72BB760B26A7F7B2001A48E0 /* Debug */,
				72BB760C26A7F7B2001A48E0 /* Release */,
			);
			defaultConfigurationIsVisible = 0;
			defaultConfigurationName = Release;
		};
/* End XCConfigurationList section */
	};
	rootObject = 72BB75D726A7F7AD001A48E0 /* Project object */;
}
